
Microsoft Visual Studio Solution File, Format Version 12.00
# Visual Studio 15
VisualStudioVersion = 15.0.28307.329
MinimumVisualStudioVersion = 10.0.40219.1
Project("{FAE04EC0-301F-11D3-BF4B-00C04F79EFBC}") = "CSharpSeleniumTestExampleWithSpecFlow", "CSharpSeleniumTestExampleWithSpecFlow\CSharpSeleniumTestExampleWithSpecFlow.csproj", "{CE08BED0-CC95-408E-8CB0-44BCAD0E91CA}"
EndProject
Global
	GlobalSection(SolutionConfigurationPlatforms) = preSolution
		Debug|Any CPU = Debug|Any CPU
		Release|Any CPU = Release|Any CPU
	EndGlobalSection
	GlobalSection(ProjectConfigurationPlatforms) = postSolution
		{CE08BED0-CC95-408E-8CB0-44BCAD0E91CA}.Debug|Any CPU.ActiveCfg = Debug|Any CPU
		{CE08BED0-CC95-408E-8CB0-44BCAD0E91CA}.Debug|Any CPU.Build.0 = Debug|Any CPU
		{CE08BED0-CC95-408E-8CB0-44BCAD0E91CA}.Release|Any CPU.ActiveCfg = Release|Any CPU
		{CE08BED0-CC95-408E-8CB0-44BCAD0E91CA}.Release|Any CPU.Build.0 = Release|Any CPU
	EndGlobalSection
	GlobalSection(SolutionProperties) = preSolution
		HideSolutionNode = FALSE
	EndGlobalSection
	GlobalSection(ExtensibilityGlobals) = postSolution
		SolutionGuid = {8AFE341E-B9F0-41C7-870B-823914BBB1F6}
	EndGlobalSection
EndGlobal
